
Microsoft Visual Studio Solution File, Format Version 12.00
# Visual Studio Version 17
VisualStudioVersion = 17.7.34302.85
MinimumVisualStudioVersion = 10.0.40219.1
Project("{FAE04EC0-301F-11D3-BF4B-00C04F79EFBC}") = "Automekaniker", "Automekaniker\Automekaniker.csproj", "{3E0AB9A0-1DFF-45F5-803F-CA064C2C11BC}"
EndProject
Project("{FAE04EC0-301F-11D3-BF4B-00C04F79EFBC}") = "swimmingTeam", "swimmingTeam\swimmingTeam.csproj", "{6A8EF48A-23EE-4AB8-9D6B-C19FDDB5EF16}"
EndProject
Global
	GlobalSection(SolutionConfigurationPlatforms) = preSolution
		Debug|Any CPU = Debug|Any CPU
		Release|Any CPU = Release|Any CPU
	EndGlobalSection
	GlobalSection(ProjectConfigurationPlatforms) = postSolution
		{3E0AB9A0-1DFF-45F5-803F-CA064C2C11BC}.Debug|Any CPU.ActiveCfg = Debug|Any CPU
		{3E0AB9A0-1DFF-45F5-803F-CA064C2C11BC}.Debug|Any CPU.Build.0 = Debug|Any CPU
		{3E0AB9A0-1DFF-45F5-803F-CA064C2C11BC}.Release|Any CPU.ActiveCfg = Release|Any CPU
		{3E0AB9A0-1DFF-45F5-803F-CA064C2C11BC}.Release|Any CPU.Build.0 = Release|Any CPU
		{6A8EF48A-23EE-4AB8-9D6B-C19FDDB5EF16}.Debug|Any CPU.ActiveCfg = Debug|Any CPU
		{6A8EF48A-23EE-4AB8-9D6B-C19FDDB5EF16}.Debug|Any CPU.Build.0 = Debug|Any CPU
		{6A8EF48A-23EE-4AB8-9D6B-C19FDDB5EF16}.Release|Any CPU.ActiveCfg = Release|Any CPU
		{6A8EF48A-23EE-4AB8-9D6B-C19FDDB5EF16}.Release|Any CPU.Build.0 = Release|Any CPU
	EndGlobalSection
	GlobalSection(SolutionProperties) = preSolution
		HideSolutionNode = FALSE
	EndGlobalSection
	GlobalSection(ExtensibilityGlobals) = postSolution
		SolutionGuid = {72909167-723B-41B4-A0DC-A51EAD565A11}
	EndGlobalSection
EndGlobal
